
Microsoft Visual Studio Solution File, Format Version 12.00
# Visual Studio Version 16
VisualStudioVersion = 16.0.31321.278
MinimumVisualStudioVersion = 10.0.40219.1
Project("{FAE04EC0-301F-11D3-BF4B-00C04F79EFBC}") = "OperatorExercise", "OperatorExercise\OperatorExercise.csproj", "{CDB8BFDC-F0FC-40B5-9A68-6B9C1D5BC984}"
EndProject
Global
	GlobalSection(SolutionConfigurationPlatforms) = preSolution
		Debug|Any CPU = Debug|Any CPU
		Release|Any CPU = Release|Any CPU
	EndGlobalSection
	GlobalSection(ProjectConfigurationPlatforms) = postSolution
		{CDB8BFDC-F0FC-40B5-9A68-6B9C1D5BC984}.Debug|Any CPU.ActiveCfg = Debug|Any CPU
		{CDB8BFDC-F0FC-40B5-9A68-6B9C1D5BC984}.Debug|Any CPU.Build.0 = Debug|Any CPU
		{CDB8BFDC-F0FC-40B5-9A68-6B9C1D5BC984}.Release|Any CPU.ActiveCfg = Release|Any CPU
		{CDB8BFDC-F0FC-40B5-9A68-6B9C1D5BC984}.Release|Any CPU.Build.0 = Release|Any CPU
	EndGlobalSection
	GlobalSection(SolutionProperties) = preSolution
		HideSolutionNode = FALSE
	EndGlobalSection
	GlobalSection(ExtensibilityGlobals) = postSolution
		SolutionGuid = {C7806315-BF6B-415F-AA8A-90FFAD7A8F78}
	EndGlobalSection
EndGlobal
